
Microsoft Visual Studio Solution File, Format Version 12.00
# Visual Studio Version 17
VisualStudioVersion = 17.9.34622.214
MinimumVisualStudioVersion = 10.0.40219.1
Project("{2150E333-8FDC-42A3-9474-1A3956D46DE8}") = "SRC", "SRC", "{84C5B8BE-25F3-499D-8F0B-739B54F337F5}"
EndProject
Project("{2150E333-8FDC-42A3-9474-1A3956D46DE8}") = "Test", "Test", "{E7EE02DF-7E8D-4894-B1D1-CDBEE981852A}"
EndProject
Project("{2150E333-8FDC-42A3-9474-1A3956D46DE8}") = "API", "API", "{6937A531-4F7D-4A8D-BEAD-F95F32CDE47A}"
EndProject
Project("{2150E333-8FDC-42A3-9474-1A3956D46DE8}") = "UI", "UI", "{83BD6F19-15A4-4B2F-B042-7E05C1F1F58D}"
EndProject
Project("{2150E333-8FDC-42A3-9474-1A3956D46DE8}") = "Core", "Core", "{4E5B9AE9-371F-4779-8023-84407496057C}"
EndProject
Project("{2150E333-8FDC-42A3-9474-1A3956D46DE8}") = "Infrastructure", "Infrastructure", "{3B8E00EB-AA9F-41AF-8CAA-A275A6D55998}"
EndProject
Global
	GlobalSection(SolutionProperties) = preSolution
		HideSolutionNode = FALSE
	EndGlobalSection
	GlobalSection(NestedProjects) = preSolution
		{6937A531-4F7D-4A8D-BEAD-F95F32CDE47A} = {84C5B8BE-25F3-499D-8F0B-739B54F337F5}
		{83BD6F19-15A4-4B2F-B042-7E05C1F1F58D} = {84C5B8BE-25F3-499D-8F0B-739B54F337F5}
		{4E5B9AE9-371F-4779-8023-84407496057C} = {84C5B8BE-25F3-499D-8F0B-739B54F337F5}
		{3B8E00EB-AA9F-41AF-8CAA-A275A6D55998} = {84C5B8BE-25F3-499D-8F0B-739B54F337F5}
	EndGlobalSection
	GlobalSection(ExtensibilityGlobals) = postSolution
		SolutionGuid = {53590A58-5411-4719-BA64-DD95694F7688}
	EndGlobalSection
EndGlobal
